
Microsoft Visual Studio Solution File, Format Version 12.00
# Visual Studio Version 17
VisualStudioVersion = 17.11.35303.130
MinimumVisualStudioVersion = 10.0.40219.1
Project("{9A19103F-16F7-4668-BE54-9A1E7A4F7556}") = "FiguresLibrary", "FiguresLibrary\FiguresLibrary.csproj", "{606DB6C7-0E66-4DED-99B0-9287B0D5E0E4}"
EndProject
Project("{9A19103F-16F7-4668-BE54-9A1E7A4F7556}") = "Sample", "Sample\Sample.csproj", "{D147D3DC-1371-496C-B47A-58AD4CA39A65}"
EndProject
Project("{FAE04EC0-301F-11D3-BF4B-00C04F79EFBC}") = "FiguresLibrary.Test", "FiguresLibrary.Test\FiguresLibrary.Test.csproj", "{648BC6FD-D869-4C0A-9499-97D0D21C42E7}"
EndProject
Global
	GlobalSection(SolutionConfigurationPlatforms) = preSolution
		Debug|Any CPU = Debug|Any CPU
		Release|Any CPU = Release|Any CPU
	EndGlobalSection
	GlobalSection(ProjectConfigurationPlatforms) = postSolution
		{606DB6C7-0E66-4DED-99B0-9287B0D5E0E4}.Debug|Any CPU.ActiveCfg = Debug|Any CPU
		{606DB6C7-0E66-4DED-99B0-9287B0D5E0E4}.Debug|Any CPU.Build.0 = Debug|Any CPU
		{606DB6C7-0E66-4DED-99B0-9287B0D5E0E4}.Release|Any CPU.ActiveCfg = Release|Any CPU
		{606DB6C7-0E66-4DED-99B0-9287B0D5E0E4}.Release|Any CPU.Build.0 = Release|Any CPU
		{D147D3DC-1371-496C-B47A-58AD4CA39A65}.Debug|Any CPU.ActiveCfg = Debug|Any CPU
		{D147D3DC-1371-496C-B47A-58AD4CA39A65}.Debug|Any CPU.Build.0 = Debug|Any CPU
		{D147D3DC-1371-496C-B47A-58AD4CA39A65}.Release|Any CPU.ActiveCfg = Release|Any CPU
		{D147D3DC-1371-496C-B47A-58AD4CA39A65}.Release|Any CPU.Build.0 = Release|Any CPU
		{648BC6FD-D869-4C0A-9499-97D0D21C42E7}.Debug|Any CPU.ActiveCfg = Debug|Any CPU
		{648BC6FD-D869-4C0A-9499-97D0D21C42E7}.Debug|Any CPU.Build.0 = Debug|Any CPU
		{648BC6FD-D869-4C0A-9499-97D0D21C42E7}.Release|Any CPU.ActiveCfg = Release|Any CPU
		{648BC6FD-D869-4C0A-9499-97D0D21C42E7}.Release|Any CPU.Build.0 = Release|Any CPU
	EndGlobalSection
	GlobalSection(SolutionProperties) = preSolution
		HideSolutionNode = FALSE
	EndGlobalSection
	GlobalSection(ExtensibilityGlobals) = postSolution
		SolutionGuid = {923B7A91-B391-4635-B650-94FE541D508C}
	EndGlobalSection
EndGlobal
